<Solution>
  <Folder Name="/Solution Items/">
    <File Path=".editorconfig" />
    <File Path=".gitignore" />
    <File Path="Directory.Build.props" />
  </Folder>
  <Project Path="Core/PvZRSkinPicker.csproj" />
  <Project Path="Skins.Custom.Manifest/PvZRSkinPicker.Skins.Custom.Manifest.csproj" />
  <Project Path="Tests/PvZRSkinPicker.Tests.csproj" />
</Solution>
