<Solution>
  <Folder Name="/Solution Items/">
    <File Path=".editorconfig" />
    <File Path=".gitignore" />
    <File Path="Directory.Build.props" />
    <File Path="global.json" />
  </Folder>
  <Project Path="Core/PvZRSkinPicker.csproj" />
  <Project Path="Common/PvZRSkinPicker.Common.csproj" />
  <Project Path="Tests/PvZRSkinPicker.Tests.csproj" />
  <Project Path="../SolarApi/src/SolarApi/Core/SolarApi.csproj" />
</Solution>
